
Microsoft Visual Studio Solution File, Format Version 12.00
Project("{FAE04EC0-301F-11D3-BF4B-00C04F79EFBC}") = "lab3_4", "lab3_4\lab3_4.csproj", "{569DD3DA-3AF2-4D56-9A76-5CB2EF4ECF0F}"
EndProject
Global
	GlobalSection(SolutionConfigurationPlatforms) = preSolution
		Debug|Any CPU = Debug|Any CPU
		Release|Any CPU = Release|Any CPU
	EndGlobalSection
	GlobalSection(ProjectConfigurationPlatforms) = postSolution
		{569DD3DA-3AF2-4D56-9A76-5CB2EF4ECF0F}.Debug|Any CPU.ActiveCfg = Debug|Any CPU
		{569DD3DA-3AF2-4D56-9A76-5CB2EF4ECF0F}.Debug|Any CPU.Build.0 = Debug|Any CPU
		{569DD3DA-3AF2-4D56-9A76-5CB2EF4ECF0F}.Release|Any CPU.ActiveCfg = Release|Any CPU
		{569DD3DA-3AF2-4D56-9A76-5CB2EF4ECF0F}.Release|Any CPU.Build.0 = Release|Any CPU
	EndGlobalSection
EndGlobal
